
Microsoft Visual Studio Solution File, Format Version 12.00
# Visual Studio Version 17
VisualStudioVersion = 17.5.002.0
MinimumVisualStudioVersion = 10.0.40219.1
Project("{2150E333-8FDC-42A3-9474-1A3956D46DE8}") = "Easy", "Easy", "{1017C302-1643-4FF2-9538-EC42D4E4BC48}"
EndProject
Project("{9A19103F-16F7-4668-BE54-9A1E7A4F7556}") = "LCP", "Easy\LCP\LCP.csproj", "{B09E370A-0767-4B14-A0A5-681AB149DD8C}"
EndProject
Global
	GlobalSection(SolutionConfigurationPlatforms) = preSolution
		Debug|Any CPU = Debug|Any CPU
		Release|Any CPU = Release|Any CPU
	EndGlobalSection
	GlobalSection(ProjectConfigurationPlatforms) = postSolution
		{B09E370A-0767-4B14-A0A5-681AB149DD8C}.Debug|Any CPU.ActiveCfg = Debug|Any CPU
		{B09E370A-0767-4B14-A0A5-681AB149DD8C}.Debug|Any CPU.Build.0 = Debug|Any CPU
		{B09E370A-0767-4B14-A0A5-681AB149DD8C}.Release|Any CPU.ActiveCfg = Release|Any CPU
		{B09E370A-0767-4B14-A0A5-681AB149DD8C}.Release|Any CPU.Build.0 = Release|Any CPU
	EndGlobalSection
	GlobalSection(SolutionProperties) = preSolution
		HideSolutionNode = FALSE
	EndGlobalSection
	GlobalSection(NestedProjects) = preSolution
		{B09E370A-0767-4B14-A0A5-681AB149DD8C} = {1017C302-1643-4FF2-9538-EC42D4E4BC48}
	EndGlobalSection
	GlobalSection(ExtensibilityGlobals) = postSolution
		SolutionGuid = {A53D4407-EC65-47C6-AAC7-A5419B626037}
	EndGlobalSection
EndGlobal
